
Microsoft Visual Studio Solution File, Format Version 12.00
# Visual Studio Version 16
VisualStudioVersion = 16.0.31624.102
MinimumVisualStudioVersion = 10.0.40219.1
Project("{9A19103F-16F7-4668-BE54-9A1E7A4F7556}") = "UrlShortererAPI", "UrlShortererAPI\UrlShortererAPI.csproj", "{2C269B6B-31DB-4653-9D24-447B0E8A9388}"
EndProject
Project("{FAE04EC0-301F-11D3-BF4B-00C04F79EFBC}") = "URLShortererWebUI", "URLShortererWebUI\URLShortererWebUI.csproj", "{3FB71098-5C4C-486F-86C1-B3B1E139A6C9}"
EndProject
Global
	GlobalSection(SolutionConfigurationPlatforms) = preSolution
		Debug|Any CPU = Debug|Any CPU
		Release|Any CPU = Release|Any CPU
	EndGlobalSection
	GlobalSection(ProjectConfigurationPlatforms) = postSolution
		{2C269B6B-31DB-4653-9D24-447B0E8A9388}.Debug|Any CPU.ActiveCfg = Debug|Any CPU
		{2C269B6B-31DB-4653-9D24-447B0E8A9388}.Debug|Any CPU.Build.0 = Debug|Any CPU
		{2C269B6B-31DB-4653-9D24-447B0E8A9388}.Release|Any CPU.ActiveCfg = Release|Any CPU
		{2C269B6B-31DB-4653-9D24-447B0E8A9388}.Release|Any CPU.Build.0 = Release|Any CPU
		{3FB71098-5C4C-486F-86C1-B3B1E139A6C9}.Debug|Any CPU.ActiveCfg = Debug|Any CPU
		{3FB71098-5C4C-486F-86C1-B3B1E139A6C9}.Debug|Any CPU.Build.0 = Debug|Any CPU
		{3FB71098-5C4C-486F-86C1-B3B1E139A6C9}.Release|Any CPU.ActiveCfg = Release|Any CPU
		{3FB71098-5C4C-486F-86C1-B3B1E139A6C9}.Release|Any CPU.Build.0 = Release|Any CPU
	EndGlobalSection
	GlobalSection(SolutionProperties) = preSolution
		HideSolutionNode = FALSE
	EndGlobalSection
	GlobalSection(ExtensibilityGlobals) = postSolution
		SolutionGuid = {18A0FAF3-9466-40C3-8BFB-8E8F6D85AB51}
	EndGlobalSection
EndGlobal
